
Microsoft Visual Studio Solution File, Format Version 12.00
# Visual Studio 15
VisualStudioVersion = 15.0.28307.645
MinimumVisualStudioVersion = 10.0.40219.1
Project("{9A19103F-16F7-4668-BE54-9A1E7A4F7556}") = "CodeSurgeon", "CodeSurgeon\CodeSurgeon.csproj", "{BF158DC2-7F27-4229-BD9C-B4436C9F4F90}"
EndProject
Project("{9A19103F-16F7-4668-BE54-9A1E7A4F7556}") = "CodeSurgeon.Analyzer", "CodeSurgeon.Analyzer\CodeSurgeon.Analyzer\CodeSurgeon.Analyzer.csproj", "{87F33221-422C-4B54-AAF5-0F4423003D91}"
EndProject
Project("{9A19103F-16F7-4668-BE54-9A1E7A4F7556}") = "CodeSurgeon.Analyzer.Test", "CodeSurgeon.Analyzer\CodeSurgeon.Analyzer.Test\CodeSurgeon.Analyzer.Test.csproj", "{62AC02CA-A8C9-446D-9594-7B55A1551DD6}"
EndProject
Project("{FAE04EC0-301F-11D3-BF4B-00C04F79EFBC}") = "CodeSurgeon.Analyzer.Vsix", "CodeSurgeon.Analyzer\CodeSurgeon.Analyzer.Vsix\CodeSurgeon.Analyzer.Vsix.csproj", "{BD8C9D0C-FBA8-44E0-95E7-E14B4DD72784}"
EndProject
Project("{2150E333-8FDC-42A3-9474-1A3956D46DE8}") = "CodeSurgeon.Analyzer", "CodeSurgeon.Analyzer", "{5680D0AE-37B5-4515-8B96-DDB98E5A69DE}"
EndProject
Project("{9A19103F-16F7-4668-BE54-9A1E7A4F7556}") = "CodeSurgeon.Attributes", "CodeSurgeon.Attributes\CodeSurgeon.Attributes.csproj", "{3013B78E-1A47-4E63-9FE6-FEDF4F3BC9A9}"
EndProject
Project("{9A19103F-16F7-4668-BE54-9A1E7A4F7556}") = "CodeSurgeon.CLI", "CodeSurgeon.CLI\CodeSurgeon.CLI.csproj", "{2C94519A-3037-492C-9FC5-283148BAD574}"
EndProject
Project("{9A19103F-16F7-4668-BE54-9A1E7A4F7556}") = "dnlib", "dnlib\src\dnlib.csproj", "{CA63F7D1-F9B2-42FA-B56E-B203D1360619}"
EndProject
Project("{2150E333-8FDC-42A3-9474-1A3956D46DE8}") = "dnlib", "dnlib", "{F2283794-D838-48A4-9E3E-C68AB519A098}"
EndProject
Project("{9A19103F-16F7-4668-BE54-9A1E7A4F7556}") = "Examples", "dnlib\Examples\Examples.csproj", "{58C2491E-4B19-49A5-8696-6ADA813380A0}"
EndProject
Project("{9A19103F-16F7-4668-BE54-9A1E7A4F7556}") = "CodeSurgeon.Test", "CodeSurgeon.Test\CodeSurgeon.Test.csproj", "{D53532E3-D3FD-469B-8A22-ED2D4F5BABE9}"
EndProject
Project("{9A19103F-16F7-4668-BE54-9A1E7A4F7556}") = "CodeSurgeon.Module", "CodeSurgeon.Module\CodeSurgeon.Module.csproj", "{4BDC2C06-3B38-44B9-B556-234849E3285C}"
EndProject
Project("{FAE04EC0-301F-11D3-BF4B-00C04F79EFBC}") = "CodeSurgeon.Module.Test", "CodeSurgeon.Module.Test\CodeSurgeon.Module.Test.csproj", "{9EA03A69-82DE-45C8-9108-4E6908AB5FDF}"
EndProject
Global
	GlobalSection(SolutionConfigurationPlatforms) = preSolution
		Debug|Any CPU = Debug|Any CPU
		Release|Any CPU = Release|Any CPU
	EndGlobalSection
	GlobalSection(ProjectConfigurationPlatforms) = postSolution
		{BF158DC2-7F27-4229-BD9C-B4436C9F4F90}.Debug|Any CPU.ActiveCfg = Debug|Any CPU
		{BF158DC2-7F27-4229-BD9C-B4436C9F4F90}.Debug|Any CPU.Build.0 = Debug|Any CPU
		{BF158DC2-7F27-4229-BD9C-B4436C9F4F90}.Release|Any CPU.ActiveCfg = Release|Any CPU
		{BF158DC2-7F27-4229-BD9C-B4436C9F4F90}.Release|Any CPU.Build.0 = Release|Any CPU
		{87F33221-422C-4B54-AAF5-0F4423003D91}.Debug|Any CPU.ActiveCfg = Debug|Any CPU
		{87F33221-422C-4B54-AAF5-0F4423003D91}.Debug|Any CPU.Build.0 = Debug|Any CPU
		{87F33221-422C-4B54-AAF5-0F4423003D91}.Release|Any CPU.ActiveCfg = Release|Any CPU
		{87F33221-422C-4B54-AAF5-0F4423003D91}.Release|Any CPU.Build.0 = Release|Any CPU
		{62AC02CA-A8C9-446D-9594-7B55A1551DD6}.Debug|Any CPU.ActiveCfg = Debug|Any CPU
		{62AC02CA-A8C9-446D-9594-7B55A1551DD6}.Debug|Any CPU.Build.0 = Debug|Any CPU
		{62AC02CA-A8C9-446D-9594-7B55A1551DD6}.Release|Any CPU.ActiveCfg = Release|Any CPU
		{62AC02CA-A8C9-446D-9594-7B55A1551DD6}.Release|Any CPU.Build.0 = Release|Any CPU
		{BD8C9D0C-FBA8-44E0-95E7-E14B4DD72784}.Debug|Any CPU.ActiveCfg = Debug|Any CPU
		{BD8C9D0C-FBA8-44E0-95E7-E14B4DD72784}.Debug|Any CPU.Build.0 = Debug|Any CPU
		{BD8C9D0C-FBA8-44E0-95E7-E14B4DD72784}.Release|Any CPU.ActiveCfg = Release|Any CPU
		{BD8C9D0C-FBA8-44E0-95E7-E14B4DD72784}.Release|Any CPU.Build.0 = Release|Any CPU
		{3013B78E-1A47-4E63-9FE6-FEDF4F3BC9A9}.Debug|Any CPU.ActiveCfg = Debug|Any CPU
		{3013B78E-1A47-4E63-9FE6-FEDF4F3BC9A9}.Debug|Any CPU.Build.0 = Debug|Any CPU
		{3013B78E-1A47-4E63-9FE6-FEDF4F3BC9A9}.Release|Any CPU.ActiveCfg = Release|Any CPU
		{3013B78E-1A47-4E63-9FE6-FEDF4F3BC9A9}.Release|Any CPU.Build.0 = Release|Any CPU
		{2C94519A-3037-492C-9FC5-283148BAD574}.Debug|Any CPU.ActiveCfg = Debug|Any CPU
		{2C94519A-3037-492C-9FC5-283148BAD574}.Debug|Any CPU.Build.0 = Debug|Any CPU
		{2C94519A-3037-492C-9FC5-283148BAD574}.Release|Any CPU.ActiveCfg = Release|Any CPU
		{2C94519A-3037-492C-9FC5-283148BAD574}.Release|Any CPU.Build.0 = Release|Any CPU
		{CA63F7D1-F9B2-42FA-B56E-B203D1360619}.Debug|Any CPU.ActiveCfg = Debug|Any CPU
		{CA63F7D1-F9B2-42FA-B56E-B203D1360619}.Debug|Any CPU.Build.0 = Debug|Any CPU
		{CA63F7D1-F9B2-42FA-B56E-B203D1360619}.Release|Any CPU.ActiveCfg = Release|Any CPU
		{CA63F7D1-F9B2-42FA-B56E-B203D1360619}.Release|Any CPU.Build.0 = Release|Any CPU
		{58C2491E-4B19-49A5-8696-6ADA813380A0}.Debug|Any CPU.ActiveCfg = Debug|Any CPU
		{58C2491E-4B19-49A5-8696-6ADA813380A0}.Debug|Any CPU.Build.0 = Debug|Any CPU
		{58C2491E-4B19-49A5-8696-6ADA813380A0}.Release|Any CPU.ActiveCfg = Release|Any CPU
		{58C2491E-4B19-49A5-8696-6ADA813380A0}.Release|Any CPU.Build.0 = Release|Any CPU
		{D53532E3-D3FD-469B-8A22-ED2D4F5BABE9}.Debug|Any CPU.ActiveCfg = Debug|Any CPU
		{D53532E3-D3FD-469B-8A22-ED2D4F5BABE9}.Debug|Any CPU.Build.0 = Debug|Any CPU
		{D53532E3-D3FD-469B-8A22-ED2D4F5BABE9}.Release|Any CPU.ActiveCfg = Release|Any CPU
		{D53532E3-D3FD-469B-8A22-ED2D4F5BABE9}.Release|Any CPU.Build.0 = Release|Any CPU
		{4BDC2C06-3B38-44B9-B556-234849E3285C}.Debug|Any CPU.ActiveCfg = Debug|Any CPU
		{4BDC2C06-3B38-44B9-B556-234849E3285C}.Debug|Any CPU.Build.0 = Debug|Any CPU
		{4BDC2C06-3B38-44B9-B556-234849E3285C}.Release|Any CPU.ActiveCfg = Release|Any CPU
		{4BDC2C06-3B38-44B9-B556-234849E3285C}.Release|Any CPU.Build.0 = Release|Any CPU
		{9EA03A69-82DE-45C8-9108-4E6908AB5FDF}.Debug|Any CPU.ActiveCfg = Debug|Any CPU
		{9EA03A69-82DE-45C8-9108-4E6908AB5FDF}.Debug|Any CPU.Build.0 = Debug|Any CPU
		{9EA03A69-82DE-45C8-9108-4E6908AB5FDF}.Release|Any CPU.ActiveCfg = Release|Any CPU
		{9EA03A69-82DE-45C8-9108-4E6908AB5FDF}.Release|Any CPU.Build.0 = Release|Any CPU
	EndGlobalSection
	GlobalSection(SolutionProperties) = preSolution
		HideSolutionNode = FALSE
	EndGlobalSection
	GlobalSection(NestedProjects) = preSolution
		{87F33221-422C-4B54-AAF5-0F4423003D91} = {5680D0AE-37B5-4515-8B96-DDB98E5A69DE}
		{62AC02CA-A8C9-446D-9594-7B55A1551DD6} = {5680D0AE-37B5-4515-8B96-DDB98E5A69DE}
		{BD8C9D0C-FBA8-44E0-95E7-E14B4DD72784} = {5680D0AE-37B5-4515-8B96-DDB98E5A69DE}
		{CA63F7D1-F9B2-42FA-B56E-B203D1360619} = {F2283794-D838-48A4-9E3E-C68AB519A098}
		{58C2491E-4B19-49A5-8696-6ADA813380A0} = {F2283794-D838-48A4-9E3E-C68AB519A098}
	EndGlobalSection
	GlobalSection(ExtensibilityGlobals) = postSolution
		SolutionGuid = {E22D4F4D-862B-40A8-9AF6-06A32FEE1F5A}
	EndGlobalSection
EndGlobal
